
Microsoft Visual Studio Solution File, Format Version 12.00
# Visual Studio Version 16
VisualStudioVersion = 16.0.31729.503
MinimumVisualStudioVersion = 10.0.40219.1
Project("{FAE04EC0-301F-11D3-BF4B-00C04F79EFBC}") = "01-Bank", "01-Bank.csproj", "{10C320BA-E8B6-4752-9A8E-B4AF7E8E690E}"
EndProject
Project("{FAE04EC0-301F-11D3-BF4B-00C04F79EFBC}") = "02-Bank", "..\02-Bank\02-Bank.csproj", "{711DE1A5-10DB-46EC-9DEE-E54AAE34C555}"
EndProject
Project("{FAE04EC0-301F-11D3-BF4B-00C04F79EFBC}") = "03-Bank", "..\03-Bank\03-Bank.csproj", "{A9448F6D-BD8A-4002-B573-2F79E13C714C}"
EndProject
Project("{FAE04EC0-301F-11D3-BF4B-00C04F79EFBC}") = "04-Bank", "..\04-Bank\04-Bank.csproj", "{A41A7E75-2C8C-4F8A-BEDF-9902B23A10C6}"
EndProject
Global
	GlobalSection(SolutionConfigurationPlatforms) = preSolution
		Debug|Any CPU = Debug|Any CPU
		Release|Any CPU = Release|Any CPU
	EndGlobalSection
	GlobalSection(ProjectConfigurationPlatforms) = postSolution
		{10C320BA-E8B6-4752-9A8E-B4AF7E8E690E}.Debug|Any CPU.ActiveCfg = Debug|Any CPU
		{10C320BA-E8B6-4752-9A8E-B4AF7E8E690E}.Debug|Any CPU.Build.0 = Debug|Any CPU
		{10C320BA-E8B6-4752-9A8E-B4AF7E8E690E}.Release|Any CPU.ActiveCfg = Release|Any CPU
		{10C320BA-E8B6-4752-9A8E-B4AF7E8E690E}.Release|Any CPU.Build.0 = Release|Any CPU
		{711DE1A5-10DB-46EC-9DEE-E54AAE34C555}.Debug|Any CPU.ActiveCfg = Debug|Any CPU
		{711DE1A5-10DB-46EC-9DEE-E54AAE34C555}.Debug|Any CPU.Build.0 = Debug|Any CPU
		{711DE1A5-10DB-46EC-9DEE-E54AAE34C555}.Release|Any CPU.ActiveCfg = Release|Any CPU
		{711DE1A5-10DB-46EC-9DEE-E54AAE34C555}.Release|Any CPU.Build.0 = Release|Any CPU
		{A9448F6D-BD8A-4002-B573-2F79E13C714C}.Debug|Any CPU.ActiveCfg = Debug|Any CPU
		{A9448F6D-BD8A-4002-B573-2F79E13C714C}.Debug|Any CPU.Build.0 = Debug|Any CPU
		{A9448F6D-BD8A-4002-B573-2F79E13C714C}.Release|Any CPU.ActiveCfg = Release|Any CPU
		{A9448F6D-BD8A-4002-B573-2F79E13C714C}.Release|Any CPU.Build.0 = Release|Any CPU
		{A41A7E75-2C8C-4F8A-BEDF-9902B23A10C6}.Debug|Any CPU.ActiveCfg = Debug|Any CPU
		{A41A7E75-2C8C-4F8A-BEDF-9902B23A10C6}.Debug|Any CPU.Build.0 = Debug|Any CPU
		{A41A7E75-2C8C-4F8A-BEDF-9902B23A10C6}.Release|Any CPU.ActiveCfg = Release|Any CPU
		{A41A7E75-2C8C-4F8A-BEDF-9902B23A10C6}.Release|Any CPU.Build.0 = Release|Any CPU
	EndGlobalSection
	GlobalSection(SolutionProperties) = preSolution
		HideSolutionNode = FALSE
	EndGlobalSection
	GlobalSection(ExtensibilityGlobals) = postSolution
		SolutionGuid = {C6D113E8-1FFA-40D9-A9E4-179133AAC377}
	EndGlobalSection
EndGlobal
